github.com/bits-and-blooms/bitset v1.2.0 h1:Kn4yilvwNtMACtf1eYDlG8H77R07mZSPbMjLyS07ChA=
github.com/bits-and-blooms/bitset v1.2.0/go.mod h1:gIdJ4wp64HaoK2YrL1Q5/N7Y16edYb8uY+O0FJTyyDA=
github.com/gaze-io/mmap-go v1.0.0 h1:9Gkf65NtBCR16ULfxGxzKKc/0gsJ3bPUsfHlDPowSqU=
github.com/gaze-io/mmap-go v1.0.0/go.mod h1:1SUnuwXeN6Z9UySualKuHAdO1gA+u6hqp+XDMXXNqNc=
golang.org/x/sys v0.0.0-20220520151302-bc2c85ada10a h1:dGzPydgVsqGcTRVwiLJ1jVbufYwmzD3LfVPLKsKg+0k=
golang.org/x/sys v0.0.0-20220520151302-bc2c85ada10a/go.mod h1:oPkhp1MJrh7nUepCBck5+mAzfO9JrbApNNgaTdGDITg=
